
Microsoft Visual Studio Solution File, Format Version 12.00
# Visual Studio 15
VisualStudioVersion = 15.0.27428.2015
MinimumVisualStudioVersion = 10.0.40219.1
Project("{FAE04EC0-301F-11D3-BF4B-00C04F79EFBC}") = "NET.S.2018.Dvorkin.Task4", "NET.S.2018.Dvorkin.Task4\NET.S.2018.Dvorkin.Task4.csproj", "{BBC238B8-A95B-4113-BCFE-B2913B157A4A}"
EndProject
Project("{FAE04EC0-301F-11D3-BF4B-00C04F79EFBC}") = "NET.S.2018.Dvorkin.Task4.Tests", "NET.S.2018.Dvorkin.Task4.Tests\NET.S.2018.Dvorkin.Task4.Tests.csproj", "{9161E4C2-AAD3-4DD7-AB44-E2E1DAF8C350}"
EndProject
Global
	GlobalSection(SolutionConfigurationPlatforms) = preSolution
		Debug|Any CPU = Debug|Any CPU
		Release|Any CPU = Release|Any CPU
	EndGlobalSection
	GlobalSection(ProjectConfigurationPlatforms) = postSolution
		{BBC238B8-A95B-4113-BCFE-B2913B157A4A}.Debug|Any CPU.ActiveCfg = Debug|Any CPU
		{BBC238B8-A95B-4113-BCFE-B2913B157A4A}.Debug|Any CPU.Build.0 = Debug|Any CPU
		{BBC238B8-A95B-4113-BCFE-B2913B157A4A}.Release|Any CPU.ActiveCfg = Release|Any CPU
		{BBC238B8-A95B-4113-BCFE-B2913B157A4A}.Release|Any CPU.Build.0 = Release|Any CPU
		{9161E4C2-AAD3-4DD7-AB44-E2E1DAF8C350}.Debug|Any CPU.ActiveCfg = Debug|Any CPU
		{9161E4C2-AAD3-4DD7-AB44-E2E1DAF8C350}.Debug|Any CPU.Build.0 = Debug|Any CPU
		{9161E4C2-AAD3-4DD7-AB44-E2E1DAF8C350}.Release|Any CPU.ActiveCfg = Release|Any CPU
		{9161E4C2-AAD3-4DD7-AB44-E2E1DAF8C350}.Release|Any CPU.Build.0 = Release|Any CPU
	EndGlobalSection
	GlobalSection(SolutionProperties) = preSolution
		HideSolutionNode = FALSE
	EndGlobalSection
	GlobalSection(ExtensibilityGlobals) = postSolution
		SolutionGuid = {C5A3527D-5D9A-4A65-BD5B-A094F8AD1BE8}
	EndGlobalSection
EndGlobal
