
Microsoft Visual Studio Solution File, Format Version 12.00
# Visual Studio 15
VisualStudioVersion = 15.0.27428.2005
MinimumVisualStudioVersion = 10.0.40219.1
Project("{FAE04EC0-301F-11D3-BF4B-00C04F79EFBC}") = "NET.S.2018.Dvorkin.Task1", "NET.S.2018.Dvorkin.Task1\NET.S.2018.Dvorkin.Task1.csproj", "{B2BC4F32-9935-4A45-B567-C61CF23FB249}"
EndProject
Project("{FAE04EC0-301F-11D3-BF4B-00C04F79EFBC}") = "NET.S.2018.Dvorkin.Task1.Tests", "NET.S.2018.Dvorkin.Task1.Tests\NET.S.2018.Dvorkin.Task1.Tests.csproj", "{C8AEBF58-576A-412F-9EC6-3F07F6234812}"
EndProject
Global
	GlobalSection(SolutionConfigurationPlatforms) = preSolution
		Debug|Any CPU = Debug|Any CPU
		Release|Any CPU = Release|Any CPU
	EndGlobalSection
	GlobalSection(ProjectConfigurationPlatforms) = postSolution
		{B2BC4F32-9935-4A45-B567-C61CF23FB249}.Debug|Any CPU.ActiveCfg = Debug|Any CPU
		{B2BC4F32-9935-4A45-B567-C61CF23FB249}.Debug|Any CPU.Build.0 = Debug|Any CPU
		{B2BC4F32-9935-4A45-B567-C61CF23FB249}.Release|Any CPU.ActiveCfg = Release|Any CPU
		{B2BC4F32-9935-4A45-B567-C61CF23FB249}.Release|Any CPU.Build.0 = Release|Any CPU
		{C8AEBF58-576A-412F-9EC6-3F07F6234812}.Debug|Any CPU.ActiveCfg = Debug|Any CPU
		{C8AEBF58-576A-412F-9EC6-3F07F6234812}.Debug|Any CPU.Build.0 = Debug|Any CPU
		{C8AEBF58-576A-412F-9EC6-3F07F6234812}.Release|Any CPU.ActiveCfg = Release|Any CPU
		{C8AEBF58-576A-412F-9EC6-3F07F6234812}.Release|Any CPU.Build.0 = Release|Any CPU
	EndGlobalSection
	GlobalSection(SolutionProperties) = preSolution
		HideSolutionNode = FALSE
	EndGlobalSection
	GlobalSection(ExtensibilityGlobals) = postSolution
		SolutionGuid = {DBD590EE-1FD1-475C-AC5D-603303E62CEF}
	EndGlobalSection
EndGlobal
