
Microsoft Visual Studio Solution File, Format Version 12.00
# Visual Studio 15
VisualStudioVersion = 15.0.27428.2015
MinimumVisualStudioVersion = 10.0.40219.1
Project("{FAE04EC0-301F-11D3-BF4B-00C04F79EFBC}") = "NET.S.2018.Dvorkin.Task1", "NET.S.2018.Dvorkin.Task1\NET.S.2018.Dvorkin.Task1.csproj", "{32E0E83D-1A5C-4189-BBB0-40C541ED7162}"
EndProject
Project("{FAE04EC0-301F-11D3-BF4B-00C04F79EFBC}") = "NET.S.2018.Dvorkin.Task1.Tests", "NET.S.2018.Dvorkin.Task1.Tests\NET.S.2018.Dvorkin.Task1.Tests.csproj", "{8D2B7D03-1A0C-4E8A-8643-AB8DBE605D34}"
EndProject
Global
	GlobalSection(SolutionConfigurationPlatforms) = preSolution
		Debug|Any CPU = Debug|Any CPU
		Release|Any CPU = Release|Any CPU
	EndGlobalSection
	GlobalSection(ProjectConfigurationPlatforms) = postSolution
		{32E0E83D-1A5C-4189-BBB0-40C541ED7162}.Debug|Any CPU.ActiveCfg = Debug|Any CPU
		{32E0E83D-1A5C-4189-BBB0-40C541ED7162}.Debug|Any CPU.Build.0 = Debug|Any CPU
		{32E0E83D-1A5C-4189-BBB0-40C541ED7162}.Release|Any CPU.ActiveCfg = Release|Any CPU
		{32E0E83D-1A5C-4189-BBB0-40C541ED7162}.Release|Any CPU.Build.0 = Release|Any CPU
		{8D2B7D03-1A0C-4E8A-8643-AB8DBE605D34}.Debug|Any CPU.ActiveCfg = Debug|Any CPU
		{8D2B7D03-1A0C-4E8A-8643-AB8DBE605D34}.Debug|Any CPU.Build.0 = Debug|Any CPU
		{8D2B7D03-1A0C-4E8A-8643-AB8DBE605D34}.Release|Any CPU.ActiveCfg = Release|Any CPU
		{8D2B7D03-1A0C-4E8A-8643-AB8DBE605D34}.Release|Any CPU.Build.0 = Release|Any CPU
	EndGlobalSection
	GlobalSection(SolutionProperties) = preSolution
		HideSolutionNode = FALSE
	EndGlobalSection
	GlobalSection(ExtensibilityGlobals) = postSolution
		SolutionGuid = {62941733-0D16-4AD2-99D6-F8B281F25724}
	EndGlobalSection
EndGlobal
