
Microsoft Visual Studio Solution File, Format Version 12.00
# Visual Studio 15
VisualStudioVersion = 15.0.27428.2037
MinimumVisualStudioVersion = 10.0.40219.1
Project("{FAE04EC0-301F-11D3-BF4B-00C04F79EFBC}") = "NET.S.2018.Dvorkin.Task1", "NET.S.2018.Dvorkin.Task1\NET.S.2018.Dvorkin.Task1.csproj", "{441D493A-2F4A-4E30-B056-057B58047E27}"
EndProject
Project("{FAE04EC0-301F-11D3-BF4B-00C04F79EFBC}") = "NET.S.2018.Dvorkin.Task1.Tests", "NET.S.2018.Dvorkin.Task1.Tests\NET.S.2018.Dvorkin.Task1.Tests.csproj", "{604D58F4-F432-4D48-BCA4-75C53B780DC5}"
EndProject
Global
	GlobalSection(SolutionConfigurationPlatforms) = preSolution
		Debug|Any CPU = Debug|Any CPU
		Release|Any CPU = Release|Any CPU
	EndGlobalSection
	GlobalSection(ProjectConfigurationPlatforms) = postSolution
		{441D493A-2F4A-4E30-B056-057B58047E27}.Debug|Any CPU.ActiveCfg = Debug|Any CPU
		{441D493A-2F4A-4E30-B056-057B58047E27}.Debug|Any CPU.Build.0 = Debug|Any CPU
		{441D493A-2F4A-4E30-B056-057B58047E27}.Release|Any CPU.ActiveCfg = Release|Any CPU
		{441D493A-2F4A-4E30-B056-057B58047E27}.Release|Any CPU.Build.0 = Release|Any CPU
		{604D58F4-F432-4D48-BCA4-75C53B780DC5}.Debug|Any CPU.ActiveCfg = Debug|Any CPU
		{604D58F4-F432-4D48-BCA4-75C53B780DC5}.Debug|Any CPU.Build.0 = Debug|Any CPU
		{604D58F4-F432-4D48-BCA4-75C53B780DC5}.Release|Any CPU.ActiveCfg = Release|Any CPU
		{604D58F4-F432-4D48-BCA4-75C53B780DC5}.Release|Any CPU.Build.0 = Release|Any CPU
	EndGlobalSection
	GlobalSection(SolutionProperties) = preSolution
		HideSolutionNode = FALSE
	EndGlobalSection
	GlobalSection(ExtensibilityGlobals) = postSolution
		SolutionGuid = {606DDF8D-C8C5-49F1-BC64-F275FE9FF506}
	EndGlobalSection
EndGlobal
