
Microsoft Visual Studio Solution File, Format Version 12.00
# Visual Studio 15
VisualStudioVersion = 15.0.27428.2002
MinimumVisualStudioVersion = 10.0.40219.1
Project("{FAE04EC0-301F-11D3-BF4B-00C04F79EFBC}") = "Interview", "Interview\Interview.csproj", "{3888990A-472C-4140-9178-FA70BF8F830C}"
EndProject
Project("{FAE04EC0-301F-11D3-BF4B-00C04F79EFBC}") = "BLL", "BLL\BLL.csproj", "{0E3F6ADE-3B27-4AA9-AABE-AFBF0519BE6A}"
EndProject
Global
	GlobalSection(SolutionConfigurationPlatforms) = preSolution
		Debug|Any CPU = Debug|Any CPU
		Release|Any CPU = Release|Any CPU
	EndGlobalSection
	GlobalSection(ProjectConfigurationPlatforms) = postSolution
		{3888990A-472C-4140-9178-FA70BF8F830C}.Debug|Any CPU.ActiveCfg = Debug|Any CPU
		{3888990A-472C-4140-9178-FA70BF8F830C}.Debug|Any CPU.Build.0 = Debug|Any CPU
		{3888990A-472C-4140-9178-FA70BF8F830C}.Release|Any CPU.ActiveCfg = Release|Any CPU
		{3888990A-472C-4140-9178-FA70BF8F830C}.Release|Any CPU.Build.0 = Release|Any CPU
		{0E3F6ADE-3B27-4AA9-AABE-AFBF0519BE6A}.Debug|Any CPU.ActiveCfg = Debug|Any CPU
		{0E3F6ADE-3B27-4AA9-AABE-AFBF0519BE6A}.Debug|Any CPU.Build.0 = Debug|Any CPU
		{0E3F6ADE-3B27-4AA9-AABE-AFBF0519BE6A}.Release|Any CPU.ActiveCfg = Release|Any CPU
		{0E3F6ADE-3B27-4AA9-AABE-AFBF0519BE6A}.Release|Any CPU.Build.0 = Release|Any CPU
	EndGlobalSection
	GlobalSection(SolutionProperties) = preSolution
		HideSolutionNode = FALSE
	EndGlobalSection
	GlobalSection(ExtensibilityGlobals) = postSolution
		SolutionGuid = {ADAD3BEB-2CA8-47A0-B1FF-AA5B55571EAF}
	EndGlobalSection
EndGlobal
