
Microsoft Visual Studio Solution File, Format Version 12.00
# Visual Studio 15
VisualStudioVersion = 15.0.27428.2037
MinimumVisualStudioVersion = 10.0.40219.1
Project("{FAE04EC0-301F-11D3-BF4B-00C04F79EFBC}") = "NET.S.2018.Dvorkin.Task", "NET.S.2018.Dvorkin.Task\NET.S.2018.Dvorkin.Task.csproj", "{7A4EE9DB-BA48-4C8E-AD95-EF1E7F104CB6}"
EndProject
Global
	GlobalSection(SolutionConfigurationPlatforms) = preSolution
		Debug|Any CPU = Debug|Any CPU
		Release|Any CPU = Release|Any CPU
	EndGlobalSection
	GlobalSection(ProjectConfigurationPlatforms) = postSolution
		{7A4EE9DB-BA48-4C8E-AD95-EF1E7F104CB6}.Debug|Any CPU.ActiveCfg = Debug|Any CPU
		{7A4EE9DB-BA48-4C8E-AD95-EF1E7F104CB6}.Debug|Any CPU.Build.0 = Debug|Any CPU
		{7A4EE9DB-BA48-4C8E-AD95-EF1E7F104CB6}.Release|Any CPU.ActiveCfg = Release|Any CPU
		{7A4EE9DB-BA48-4C8E-AD95-EF1E7F104CB6}.Release|Any CPU.Build.0 = Release|Any CPU
	EndGlobalSection
	GlobalSection(SolutionProperties) = preSolution
		HideSolutionNode = FALSE
	EndGlobalSection
	GlobalSection(ExtensibilityGlobals) = postSolution
		SolutionGuid = {60CA8B1B-25FE-4F3C-8767-98455E71D179}
	EndGlobalSection
EndGlobal
