
Microsoft Visual Studio Solution File, Format Version 12.00
# Visual Studio 15
VisualStudioVersion = 15.0.27428.2015
MinimumVisualStudioVersion = 10.0.40219.1
Project("{FAE04EC0-301F-11D3-BF4B-00C04F79EFBC}") = "NET.S.2018.Dvorkin.Task", "NET.S.2018.Dvorkin.Task1\NET.S.2018.Dvorkin.Task.csproj", "{D12383AD-CBEC-4417-902D-6D3DF575204F}"
EndProject
Project("{FAE04EC0-301F-11D3-BF4B-00C04F79EFBC}") = "ConsoleUI", "ConsoleUI\ConsoleUI.csproj", "{42B6C109-ADBA-499C-BACD-722F559E9CC9}"
EndProject
Project("{FAE04EC0-301F-11D3-BF4B-00C04F79EFBC}") = "NET.S.2018.Dvorkin.Task.CustomFormat", "NET.S.2018.Dvorkin.Task.CustomFormat\NET.S.2018.Dvorkin.Task.CustomFormat.csproj", "{45383B2F-6B9B-4DA5-B3ED-CF2A8423E084}"
EndProject
Global
	GlobalSection(SolutionConfigurationPlatforms) = preSolution
		Debug|Any CPU = Debug|Any CPU
		Release|Any CPU = Release|Any CPU
	EndGlobalSection
	GlobalSection(ProjectConfigurationPlatforms) = postSolution
		{D12383AD-CBEC-4417-902D-6D3DF575204F}.Debug|Any CPU.ActiveCfg = Debug|Any CPU
		{D12383AD-CBEC-4417-902D-6D3DF575204F}.Debug|Any CPU.Build.0 = Debug|Any CPU
		{D12383AD-CBEC-4417-902D-6D3DF575204F}.Release|Any CPU.ActiveCfg = Release|Any CPU
		{D12383AD-CBEC-4417-902D-6D3DF575204F}.Release|Any CPU.Build.0 = Release|Any CPU
		{42B6C109-ADBA-499C-BACD-722F559E9CC9}.Debug|Any CPU.ActiveCfg = Debug|Any CPU
		{42B6C109-ADBA-499C-BACD-722F559E9CC9}.Debug|Any CPU.Build.0 = Debug|Any CPU
		{42B6C109-ADBA-499C-BACD-722F559E9CC9}.Release|Any CPU.ActiveCfg = Release|Any CPU
		{42B6C109-ADBA-499C-BACD-722F559E9CC9}.Release|Any CPU.Build.0 = Release|Any CPU
		{45383B2F-6B9B-4DA5-B3ED-CF2A8423E084}.Debug|Any CPU.ActiveCfg = Debug|Any CPU
		{45383B2F-6B9B-4DA5-B3ED-CF2A8423E084}.Debug|Any CPU.Build.0 = Debug|Any CPU
		{45383B2F-6B9B-4DA5-B3ED-CF2A8423E084}.Release|Any CPU.ActiveCfg = Release|Any CPU
		{45383B2F-6B9B-4DA5-B3ED-CF2A8423E084}.Release|Any CPU.Build.0 = Release|Any CPU
	EndGlobalSection
	GlobalSection(SolutionProperties) = preSolution
		HideSolutionNode = FALSE
	EndGlobalSection
	GlobalSection(ExtensibilityGlobals) = postSolution
		SolutionGuid = {47E187E8-DEFF-456C-9B41-E5C13E59EC6F}
	EndGlobalSection
EndGlobal
